
Microsoft Visual Studio Solution File, Format Version 12.00
# Visual Studio Version 17
VisualStudioVersion = 17.6.33723.286
MinimumVisualStudioVersion = 10.0.40219.1
Project("{FAE04EC0-301F-11D3-BF4B-00C04F79EFBC}") = "gown_rental_system", "gown_rental_system\gown_rental_system.csproj", "{20C093D9-09A2-46BB-8750-84A18AFE35AE}"
EndProject
Global
	GlobalSection(SolutionConfigurationPlatforms) = preSolution
		Debug|Any CPU = Debug|Any CPU
		Release|Any CPU = Release|Any CPU
	EndGlobalSection
	GlobalSection(ProjectConfigurationPlatforms) = postSolution
		{20C093D9-09A2-46BB-8750-84A18AFE35AE}.Debug|Any CPU.ActiveCfg = Debug|Any CPU
		{20C093D9-09A2-46BB-8750-84A18AFE35AE}.Debug|Any CPU.Build.0 = Debug|Any CPU
		{20C093D9-09A2-46BB-8750-84A18AFE35AE}.Release|Any CPU.ActiveCfg = Release|Any CPU
		{20C093D9-09A2-46BB-8750-84A18AFE35AE}.Release|Any CPU.Build.0 = Release|Any CPU
	EndGlobalSection
	GlobalSection(SolutionProperties) = preSolution
		HideSolutionNode = FALSE
	EndGlobalSection
	GlobalSection(ExtensibilityGlobals) = postSolution
		SolutionGuid = {903A7889-39BD-4C38-9A7A-4E0CD94E0247}
	EndGlobalSection
EndGlobal
